
Microsoft Visual Studio Solution File, Format Version 12.00
# Visual Studio Version 17
VisualStudioVersion = 17.8.34408.163
MinimumVisualStudioVersion = 10.0.40219.1
Project("{FAE04EC0-301F-11D3-BF4B-00C04F79EFBC}") = "2212366_TestDelegate", "2212366_TestDelegate\2212366_TestDelegate.csproj", "{1C809F20-991A-452C-AB41-79EF13FA982E}"
EndProject
Global
	GlobalSection(SolutionConfigurationPlatforms) = preSolution
		Debug|Any CPU = Debug|Any CPU
		Release|Any CPU = Release|Any CPU
	EndGlobalSection
	GlobalSection(ProjectConfigurationPlatforms) = postSolution
		{1C809F20-991A-452C-AB41-79EF13FA982E}.Debug|Any CPU.ActiveCfg = Debug|Any CPU
		{1C809F20-991A-452C-AB41-79EF13FA982E}.Debug|Any CPU.Build.0 = Debug|Any CPU
		{1C809F20-991A-452C-AB41-79EF13FA982E}.Release|Any CPU.ActiveCfg = Release|Any CPU
		{1C809F20-991A-452C-AB41-79EF13FA982E}.Release|Any CPU.Build.0 = Release|Any CPU
	EndGlobalSection
	GlobalSection(SolutionProperties) = preSolution
		HideSolutionNode = FALSE
	EndGlobalSection
	GlobalSection(ExtensibilityGlobals) = postSolution
		SolutionGuid = {6EE34A5F-BDFB-4184-BA8C-A27484A0A3FE}
	EndGlobalSection
EndGlobal
